// !$*UTF8*$!
{
	archiveVersion = 1;
	classes = {
	};
	objectVersion = 52;
	objects = {

/* Begin PBXBuildFile section */
		A73A82672352672C00EA8A40 /* AppDelegate.swift in Sources */ = {isa = PBXBuildFile; fileRef = A73A82662352672C00EA8A40 /* AppDelegate.swift */; };
		A73A82692352672C00EA8A40 /* ContentView.swift in Sources */ = {isa = PBXBuildFile; fileRef = A73A82682352672C00EA8A40 /* ContentView.swift */; };
		A73A826B2352672C00EA8A40 /* Assets.xcassets in Resources */ = {isa = PBXBuildFile; fileRef = A73A826A2352672C00EA8A40 /* Assets.xcassets */; };
		A73A826E2352672C00EA8A40 /* Preview Assets.xcassets in Resources */ = {isa = PBXBuildFile; fileRef = A73A826D2352672C00EA8A40 /* Preview Assets.xcassets */; };
		A73A82712352672C00EA8A40 /* Main.storyboard in Resources */ = {isa = PBXBuildFile; fileRef = A73A826F2352672C00EA8A40 /* Main.storyboard */; };
		A73A827B2353257600EA8A40 /* StatusBarController.swift in Sources */ = {isa = PBXBuildFile; fileRef = A73A827A2353257600EA8A40 /* StatusBarController.swift */; };
		A73A827D2353472900EA8A40 /* EventMonitor.swift in Sources */ = {isa = PBXBuildFile; fileRef = A73A827C2353472900EA8A40 /* EventMonitor.swift */; };
		A73A8283235378CC00EA8A40 /* LoadingView.swift in Sources */ = {isa = PBXBuildFile; fileRef = A73A8282235378CC00EA8A40 /* LoadingView.swift */; };
		A73A82862353897000EA8A40 /* ProgressIndicator.swift in Sources */ = {isa = PBXBuildFile; fileRef = A73A82852353897000EA8A40 /* ProgressIndicator.swift */; };
		A77750F22354ECAE000874C4 /* GetCurrentTrack.txt in Resources */ = {isa = PBXBuildFile; fileRef = A77750F12354ECAE000874C4 /* GetCurrentTrack.txt */; };
		A77750F523578225000874C4 /* TinyNetworking in Frameworks */ = {isa = PBXBuildFile; productRef = A77750F423578225000874C4 /* TinyNetworking */; };
		A77750F723578D99000874C4 /* ScriptExecutor.swift in Sources */ = {isa = PBXBuildFile; fileRef = A77750F623578D99000874C4 /* ScriptExecutor.swift */; };
		A77750FA235790A1000874C4 /* ReadFileContent.swift in Sources */ = {isa = PBXBuildFile; fileRef = A77750F9235790A1000874C4 /* ReadFileContent.swift */; };
		A7E8391223674437009BCC7A /* SecretsReader.swift in Sources */ = {isa = PBXBuildFile; fileRef = A7E8391123674437009BCC7A /* SecretsReader.swift */; };
		A7E8392123675BFF009BCC7A /* SwiftyJSON in Frameworks */ = {isa = PBXBuildFile; productRef = A7E8392023675BFF009BCC7A /* SwiftyJSON */; };
		A7E8392423675C63009BCC7A /* Alamofire in Frameworks */ = {isa = PBXBuildFile; productRef = A7E8392323675C63009BCC7A /* Alamofire */; };
		A7E839262369EB4A009BCC7A /* LyricsView.swift in Sources */ = {isa = PBXBuildFile; fileRef = A7E839252369EB4A009BCC7A /* LyricsView.swift */; };
		A7EEFD4C2369ED14004EE0E7 /* GetAlbumArtSpotify.txt in Resources */ = {isa = PBXBuildFile; fileRef = A7EEFD4B2369ED14004EE0E7 /* GetAlbumArtSpotify.txt */; };
		A7EEFD4E2369ED37004EE0E7 /* GetAlbumArtMusic.txt in Resources */ = {isa = PBXBuildFile; fileRef = A7EEFD4D2369ED37004EE0E7 /* GetAlbumArtMusic.txt */; };
		A7EEFD512369F61D004EE0E7 /* URLImage in Frameworks */ = {isa = PBXBuildFile; productRef = A7EEFD502369F61D004EE0E7 /* URLImage */; };
		A7EEFD53236A0AE5004EE0E7 /* MediaInfoView.swift in Sources */ = {isa = PBXBuildFile; fileRef = A7EEFD52236A0AE5004EE0E7 /* MediaInfoView.swift */; };
		A7EEFD55236A0D62004EE0E7 /* VisualEffectView.swift in Sources */ = {isa = PBXBuildFile; fileRef = A7EEFD54236A0D62004EE0E7 /* VisualEffectView.swift */; };
		A7F76872235B75950010C04D /* MainViewController.swift in Sources */ = {isa = PBXBuildFile; fileRef = A7F76871235B75950010C04D /* MainViewController.swift */; };
		A7F76876235CBA840010C04D /* Track.swift in Sources */ = {isa = PBXBuildFile; fileRef = A7F76875235CBA840010C04D /* Track.swift */; };
		A7F76878235CBDF70010C04D /* TrackViewModel.swift in Sources */ = {isa = PBXBuildFile; fileRef = A7F76877235CBDF70010C04D /* TrackViewModel.swift */; };
/* End PBXBuildFile section */

/* Begin PBXFileReference section */
		A73A82632352672C00EA8A40 /* Carol.app */ = {isa = PBXFileReference; explicitFileType = wrapper.application; includeInIndex = 0; path = Carol.app; sourceTree = BUILT_PRODUCTS_DIR; };
		A73A82662352672C00EA8A40 /* AppDelegate.swift */ = {isa = PBXFileReference; lastKnownFileType = sourcecode.swift; path = AppDelegate.swift; sourceTree = "<group>"; };
		A73A82682352672C00EA8A40 /* ContentView.swift */ = {isa = PBXFileReference; lastKnownFileType = sourcecode.swift; path = ContentView.swift; sourceTree = "<group>"; };
		A73A826A2352672C00EA8A40 /* Assets.xcassets */ = {isa = PBXFileReference; lastKnownFileType = folder.assetcatalog; path = Assets.xcassets; sourceTree = "<group>"; };
		A73A826D2352672C00EA8A40 /* Preview Assets.xcassets */ = {isa = PBXFileReference; lastKnownFileType = folder.assetcatalog; path = "Preview Assets.xcassets"; sourceTree = "<group>"; };
		A73A82702352672C00EA8A40 /* Base */ = {isa = PBXFileReference; lastKnownFileType = file.storyboard; name = Base; path = Base.lproj/Main.storyboard; sourceTree = "<group>"; };
		A73A82722352672C00EA8A40 /* Info.plist */ = {isa = PBXFileReference; lastKnownFileType = text.plist.xml; path = Info.plist; sourceTree = "<group>"; };
		A73A82732352672C00EA8A40 /* Carol.entitlements */ = {isa = PBXFileReference; lastKnownFileType = text.plist.entitlements; path = Carol.entitlements; sourceTree = "<group>"; };
		A73A827A2353257600EA8A40 /* StatusBarController.swift */ = {isa = PBXFileReference; lastKnownFileType = sourcecode.swift; path = StatusBarController.swift; sourceTree = "<group>"; };
		A73A827C2353472900EA8A40 /* EventMonitor.swift */ = {isa = PBXFileReference; lastKnownFileType = sourcecode.swift; path = EventMonitor.swift; sourceTree = "<group>"; };
		A73A8282235378CC00EA8A40 /* LoadingView.swift */ = {isa = PBXFileReference; lastKnownFileType = sourcecode.swift; path = LoadingView.swift; sourceTree = "<group>"; };
		A73A82852353897000EA8A40 /* ProgressIndicator.swift */ = {isa = PBXFileReference; lastKnownFileType = sourcecode.swift; path = ProgressIndicator.swift; sourceTree = "<group>"; };
		A77750F12354ECAE000874C4 /* GetCurrentTrack.txt */ = {isa = PBXFileReference; lastKnownFileType = text; path = GetCurrentTrack.txt; sourceTree = "<group>"; };
		A77750F623578D99000874C4 /* ScriptExecutor.swift */ = {isa = PBXFileReference; lastKnownFileType = sourcecode.swift; path = ScriptExecutor.swift; sourceTree = "<group>"; };
		A77750F9235790A1000874C4 /* ReadFileContent.swift */ = {isa = PBXFileReference; lastKnownFileType = sourcecode.swift; path = ReadFileContent.swift; sourceTree = "<group>"; };
		A7E8391123674437009BCC7A /* SecretsReader.swift */ = {isa = PBXFileReference; lastKnownFileType = sourcecode.swift; path = SecretsReader.swift; sourceTree = "<group>"; };
		A7E839252369EB4A009BCC7A /* LyricsView.swift */ = {isa = PBXFileReference; lastKnownFileType = sourcecode.swift; path = LyricsView.swift; sourceTree = "<group>"; };
		A7EEFD4B2369ED14004EE0E7 /* GetAlbumArtSpotify.txt */ = {isa = PBXFileReference; lastKnownFileType = text; path = GetAlbumArtSpotify.txt; sourceTree = "<group>"; };
		A7EEFD4D2369ED37004EE0E7 /* GetAlbumArtMusic.txt */ = {isa = PBXFileReference; lastKnownFileType = text; path = GetAlbumArtMusic.txt; sourceTree = "<group>"; };
		A7EEFD52236A0AE5004EE0E7 /* MediaInfoView.swift */ = {isa = PBXFileReference; lastKnownFileType = sourcecode.swift; path = MediaInfoView.swift; sourceTree = "<group>"; };
		A7EEFD54236A0D62004EE0E7 /* VisualEffectView.swift */ = {isa = PBXFileReference; lastKnownFileType = sourcecode.swift; path = VisualEffectView.swift; sourceTree = "<group>"; };
		A7F76871235B75950010C04D /* MainViewController.swift */ = {isa = PBXFileReference; lastKnownFileType = sourcecode.swift; path = MainViewController.swift; sourceTree = "<group>"; };
		A7F76875235CBA840010C04D /* Track.swift */ = {isa = PBXFileReference; lastKnownFileType = sourcecode.swift; path = Track.swift; sourceTree = "<group>"; };
		A7F76877235CBDF70010C04D /* TrackViewModel.swift */ = {isa = PBXFileReference; lastKnownFileType = sourcecode.swift; path = TrackViewModel.swift; sourceTree = "<group>"; };
/* End PBXFileReference section */

/* Begin PBXFrameworksBuildPhase section */
		A73A82602352672B00EA8A40 /* Frameworks */ = {
			isa = PBXFrameworksBuildPhase;
			buildActionMask = 2147483647;
			files = (
				A7E8392423675C63009BCC7A /* Alamofire in Frameworks */,
				A7E8392123675BFF009BCC7A /* SwiftyJSON in Frameworks */,
				A7EEFD512369F61D004EE0E7 /* URLImage in Frameworks */,
				A77750F523578225000874C4 /* TinyNetworking in Frameworks */,
			);
			runOnlyForDeploymentPostprocessing = 0;
		};
/* End PBXFrameworksBuildPhase section */

/* Begin PBXGroup section */
		A73A825A2352672B00EA8A40 = {
			isa = PBXGroup;
			children = (
				A73A82652352672C00EA8A40 /* Carol */,
				A73A82642352672C00EA8A40 /* Products */,
			);
			sourceTree = "<group>";
		};
		A73A82642352672C00EA8A40 /* Products */ = {
			isa = PBXGroup;
			children = (
				A73A82632352672C00EA8A40 /* Carol.app */,
			);
			name = Products;
			sourceTree = "<group>";
		};
		A73A82652352672C00EA8A40 /* Carol */ = {
			isa = PBXGroup;
			children = (
				A73A82662352672C00EA8A40 /* AppDelegate.swift */,
				A73A82842353895A00EA8A40 /* Controls */,
				A73A82792353255B00EA8A40 /* Helpers */,
				A73A827E235352A400EA8A40 /* Views */,
				A7F76873235CB8640010C04D /* ViewModels */,
				A7F76874235CB8810010C04D /* Models */,
				A7F76870235B75790010C04D /* View Controllers */,
				A73A826A2352672C00EA8A40 /* Assets.xcassets */,
				A73A826F2352672C00EA8A40 /* Main.storyboard */,
				A73A82722352672C00EA8A40 /* Info.plist */,
				A73A82732352672C00EA8A40 /* Carol.entitlements */,
				A77750F02354EB6C000874C4 /* Scripts */,
				A77750F823579081000874C4 /* Utilities */,
				A73A826C2352672C00EA8A40 /* Preview Content */,
			);
			path = Carol;
			sourceTree = "<group>";
		};
		A73A826C2352672C00EA8A40 /* Preview Content */ = {
			isa = PBXGroup;
			children = (
				A73A826D2352672C00EA8A40 /* Preview Assets.xcassets */,
			);
			path = "Preview Content";
			sourceTree = "<group>";
		};
		A73A82792353255B00EA8A40 /* Helpers */ = {
			isa = PBXGroup;
			children = (
				A73A827A2353257600EA8A40 /* StatusBarController.swift */,
				A73A827C2353472900EA8A40 /* EventMonitor.swift */,
				A77750F623578D99000874C4 /* ScriptExecutor.swift */,
				A7E8391123674437009BCC7A /* SecretsReader.swift */,
			);
			path = Helpers;
			sourceTree = "<group>";
		};
		A73A827E235352A400EA8A40 /* Views */ = {
			isa = PBXGroup;
			children = (
				A73A82682352672C00EA8A40 /* ContentView.swift */,
				A73A8282235378CC00EA8A40 /* LoadingView.swift */,
				A7E839252369EB4A009BCC7A /* LyricsView.swift */,
				A7EEFD52236A0AE5004EE0E7 /* MediaInfoView.swift */,
			);
			path = Views;
			sourceTree = "<group>";
		};
		A73A82842353895A00EA8A40 /* Controls */ = {
			isa = PBXGroup;
			children = (
				A73A82852353897000EA8A40 /* ProgressIndicator.swift */,
				A7EEFD54236A0D62004EE0E7 /* VisualEffectView.swift */,
			);
			path = Controls;
			sourceTree = "<group>";
		};
		A77750F02354EB6C000874C4 /* Scripts */ = {
			isa = PBXGroup;
			children = (
				A77750F12354ECAE000874C4 /* GetCurrentTrack.txt */,
				A7EEFD4B2369ED14004EE0E7 /* GetAlbumArtSpotify.txt */,
				A7EEFD4D2369ED37004EE0E7 /* GetAlbumArtMusic.txt */,
			);
			path = Scripts;
			sourceTree = "<group>";
		};
		A77750F823579081000874C4 /* Utilities */ = {
			isa = PBXGroup;
			children = (
				A77750F9235790A1000874C4 /* ReadFileContent.swift */,
			);
			path = Utilities;
			sourceTree = "<group>";
		};
		A7F76870235B75790010C04D /* View Controllers */ = {
			isa = PBXGroup;
			children = (
				A7F76871235B75950010C04D /* MainViewController.swift */,
			);
			path = "View Controllers";
			sourceTree = "<group>";
		};
		A7F76873235CB8640010C04D /* ViewModels */ = {
			isa = PBXGroup;
			children = (
				A7F76877235CBDF70010C04D /* TrackViewModel.swift */,
			);
			path = ViewModels;
			sourceTree = "<group>";
		};
		A7F76874235CB8810010C04D /* Models */ = {
			isa = PBXGroup;
			children = (
				A7F76875235CBA840010C04D /* Track.swift */,
			);
			path = Models;
			sourceTree = "<group>";
		};
/* End PBXGroup section */

/* Begin PBXNativeTarget section */
		A73A82622352672B00EA8A40 /* Carol */ = {
			isa = PBXNativeTarget;
			buildConfigurationList = A73A82762352672C00EA8A40 /* Build configuration list for PBXNativeTarget "Carol" */;
			buildPhases = (
				A73A825F2352672B00EA8A40 /* Sources */,
				A73A82602352672B00EA8A40 /* Frameworks */,
				A73A82612352672B00EA8A40 /* Resources */,
			);
			buildRules = (
			);
			dependencies = (
			);
			name = Carol;
			packageProductDependencies = (
				A77750F423578225000874C4 /* TinyNetworking */,
				A7E8392023675BFF009BCC7A /* SwiftyJSON */,
				A7E8392323675C63009BCC7A /* Alamofire */,
				A7EEFD502369F61D004EE0E7 /* URLImage */,
			);
			productName = Carol;
			productReference = A73A82632352672C00EA8A40 /* Carol.app */;
			productType = "com.apple.product-type.application";
		};
/* End PBXNativeTarget section */

/* Begin PBXProject section */
		A73A825B2352672B00EA8A40 /* Project object */ = {
			isa = PBXProject;
			attributes = {
				LastSwiftUpdateCheck = 1110;
				LastUpgradeCheck = 1110;
				ORGANIZATIONNAME = "Golden Chopper";
				TargetAttributes = {
					A73A82622352672B00EA8A40 = {
						CreatedOnToolsVersion = 11.1;
					};
				};
			};
			buildConfigurationList = A73A825E2352672B00EA8A40 /* Build configuration list for PBXProject "Carol" */;
			compatibilityVersion = "Xcode 9.3";
			developmentRegion = en;
			hasScannedForEncodings = 0;
			knownRegions = (
				en,
				Base,
			);
			mainGroup = A73A825A2352672B00EA8A40;
			packageReferences = (
				A77750F323578225000874C4 /* XCRemoteSwiftPackageReference "tiny-networking" */,
				A7E8391F23675BFF009BCC7A /* XCRemoteSwiftPackageReference "SwiftyJSON" */,
				A7E8392223675C63009BCC7A /* XCRemoteSwiftPackageReference "Alamofire" */,
				A7EEFD4F2369F61D004EE0E7 /* XCRemoteSwiftPackageReference "url-image" */,
			);
			productRefGroup = A73A82642352672C00EA8A40 /* Products */;
			projectDirPath = "";
			projectRoot = "";
			targets = (
				A73A82622352672B00EA8A40 /* Carol */,
			);
		};
/* End PBXProject section */

/* Begin PBXResourcesBuildPhase section */
		A73A82612352672B00EA8A40 /* Resources */ = {
			isa = PBXResourcesBuildPhase;
			buildActionMask = 2147483647;
			files = (
				A73A82712352672C00EA8A40 /* Main.storyboard in Resources */,
				A7EEFD4E2369ED37004EE0E7 /* GetAlbumArtMusic.txt in Resources */,
				A73A826E2352672C00EA8A40 /* Preview Assets.xcassets in Resources */,
				A77750F22354ECAE000874C4 /* GetCurrentTrack.txt in Resources */,
				A7EEFD4C2369ED14004EE0E7 /* GetAlbumArtSpotify.txt in Resources */,
				A73A826B2352672C00EA8A40 /* Assets.xcassets in Resources */,
			);
			runOnlyForDeploymentPostprocessing = 0;
		};
/* End PBXResourcesBuildPhase section */

/* Begin PBXSourcesBuildPhase section */
		A73A825F2352672B00EA8A40 /* Sources */ = {
			isa = PBXSourcesBuildPhase;
			buildActionMask = 2147483647;
			files = (
				A73A82692352672C00EA8A40 /* ContentView.swift in Sources */,
				A7EEFD53236A0AE5004EE0E7 /* MediaInfoView.swift in Sources */,
				A7F76876235CBA840010C04D /* Track.swift in Sources */,
				A73A827B2353257600EA8A40 /* StatusBarController.swift in Sources */,
				A73A82672352672C00EA8A40 /* AppDelegate.swift in Sources */,
				A7EEFD55236A0D62004EE0E7 /* VisualEffectView.swift in Sources */,
				A73A8283235378CC00EA8A40 /* LoadingView.swift in Sources */,
				A7E839262369EB4A009BCC7A /* LyricsView.swift in Sources */,
				A73A82862353897000EA8A40 /* ProgressIndicator.swift in Sources */,
				A7F76878235CBDF70010C04D /* TrackViewModel.swift in Sources */,
				A73A827D2353472900EA8A40 /* EventMonitor.swift in Sources */,
				A7F76872235B75950010C04D /* MainViewController.swift in Sources */,
				A77750FA235790A1000874C4 /* ReadFileContent.swift in Sources */,
				A7E8391223674437009BCC7A /* SecretsReader.swift in Sources */,
				A77750F723578D99000874C4 /* ScriptExecutor.swift in Sources */,
			);
			runOnlyForDeploymentPostprocessing = 0;
		};
/* End PBXSourcesBuildPhase section */

/* Begin PBXVariantGroup section */
		A73A826F2352672C00EA8A40 /* Main.storyboard */ = {
			isa = PBXVariantGroup;
			children = (
				A73A82702352672C00EA8A40 /* Base */,
			);
			name = Main.storyboard;
			sourceTree = "<group>";
		};
/* End PBXVariantGroup section */

/* Begin XCBuildConfiguration section */
		A73A82742352672C00EA8A40 /* Debug */ = {
			isa = XCBuildConfiguration;
			buildSettings = {
				ALWAYS_SEARCH_USER_PATHS = NO;
				CLANG_ANALYZER_NONNULL = YES;
				CLANG_ANALYZER_NUMBER_OBJECT_CONVERSION = YES_AGGRESSIVE;
				CLANG_CXX_LANGUAGE_STANDARD = "gnu++14";
				CLANG_CXX_LIBRARY = "libc++";
				CLANG_ENABLE_MODULES = YES;
				CLANG_ENABLE_OBJC_ARC = YES;
				CLANG_ENABLE_OBJC_WEAK = YES;
				CLANG_WARN_BLOCK_CAPTURE_AUTORELEASING = YES;
				CLANG_WARN_BOOL_CONVERSION = YES;
				CLANG_WARN_COMMA = YES;
				CLANG_WARN_CONSTANT_CONVERSION = YES;
				CLANG_WARN_DEPRECATED_OBJC_IMPLEMENTATIONS = YES;
				CLANG_WARN_DIRECT_OBJC_ISA_USAGE = YES_ERROR;
				CLANG_WARN_DOCUMENTATION_COMMENTS = YES;
				CLANG_WARN_EMPTY_BODY = YES;
				CLANG_WARN_ENUM_CONVERSION = YES;
				CLANG_WARN_INFINITE_RECURSION = YES;
				CLANG_WARN_INT_CONVERSION = YES;
				CLANG_WARN_NON_LITERAL_NULL_CONVERSION = YES;
				CLANG_WARN_OBJC_IMPLICIT_RETAIN_SELF = YES;
				CLANG_WARN_OBJC_LITERAL_CONVERSION = YES;
				CLANG_WARN_OBJC_ROOT_CLASS = YES_ERROR;
				CLANG_WARN_RANGE_LOOP_ANALYSIS = YES;
				CLANG_WARN_STRICT_PROTOTYPES = YES;
				CLANG_WARN_SUSPICIOUS_MOVE = YES;
				CLANG_WARN_UNGUARDED_AVAILABILITY = YES_AGGRESSIVE;
				CLANG_WARN_UNREACHABLE_CODE = YES;
				CLANG_WARN__DUPLICATE_METHOD_MATCH = YES;
				COPY_PHASE_STRIP = NO;
				DEBUG_INFORMATION_FORMAT = dwarf;
				ENABLE_STRICT_OBJC_MSGSEND = YES;
				ENABLE_TESTABILITY = YES;
				GCC_C_LANGUAGE_STANDARD = gnu11;
				GCC_DYNAMIC_NO_PIC = NO;
				GCC_NO_COMMON_BLOCKS = YES;
				GCC_OPTIMIZATION_LEVEL = 0;
				GCC_PREPROCESSOR_DEFINITIONS = (
					"DEBUG=1",
					"$(inherited)",
				);
				GCC_WARN_64_TO_32_BIT_CONVERSION = YES;
				GCC_WARN_ABOUT_RETURN_TYPE = YES_ERROR;
				GCC_WARN_UNDECLARED_SELECTOR = YES;
				GCC_WARN_UNINITIALIZED_AUTOS = YES_AGGRESSIVE;
				GCC_WARN_UNUSED_FUNCTION = YES;
				GCC_WARN_UNUSED_VARIABLE = YES;
				MACOSX_DEPLOYMENT_TARGET = 10.15;
				MTL_ENABLE_DEBUG_INFO = INCLUDE_SOURCE;
				MTL_FAST_MATH = YES;
				ONLY_ACTIVE_ARCH = YES;
				SDKROOT = macosx;
				SWIFT_ACTIVE_COMPILATION_CONDITIONS = DEBUG;
				SWIFT_OPTIMIZATION_LEVEL = "-Onone";
			};
			name = Debug;
		};
		A73A82752352672C00EA8A40 /* Release */ = {
			isa = XCBuildConfiguration;
			buildSettings = {
				ALWAYS_SEARCH_USER_PATHS = NO;
				CLANG_ANALYZER_NONNULL = YES;
				CLANG_ANALYZER_NUMBER_OBJECT_CONVERSION = YES_AGGRESSIVE;
				CLANG_CXX_LANGUAGE_STANDARD = "gnu++14";
				CLANG_CXX_LIBRARY = "libc++";
				CLANG_ENABLE_MODULES = YES;
				CLANG_ENABLE_OBJC_ARC = YES;
				CLANG_ENABLE_OBJC_WEAK = YES;
				CLANG_WARN_BLOCK_CAPTURE_AUTORELEASING = YES;
				CLANG_WARN_BOOL_CONVERSION = YES;
				CLANG_WARN_COMMA = YES;
				CLANG_WARN_CONSTANT_CONVERSION = YES;
				CLANG_WARN_DEPRECATED_OBJC_IMPLEMENTATIONS = YES;
				CLANG_WARN_DIRECT_OBJC_ISA_USAGE = YES_ERROR;
				CLANG_WARN_DOCUMENTATION_COMMENTS = YES;
				CLANG_WARN_EMPTY_BODY = YES;
				CLANG_WARN_ENUM_CONVERSION = YES;
				CLANG_WARN_INFINITE_RECURSION = YES;
				CLANG_WARN_INT_CONVERSION = YES;
				CLANG_WARN_NON_LITERAL_NULL_CONVERSION = YES;
				CLANG_WARN_OBJC_IMPLICIT_RETAIN_SELF = YES;
				CLANG_WARN_OBJC_LITERAL_CONVERSION = YES;
				CLANG_WARN_OBJC_ROOT_CLASS = YES_ERROR;
				CLANG_WARN_RANGE_LOOP_ANALYSIS = YES;
				CLANG_WARN_STRICT_PROTOTYPES = YES;
				CLANG_WARN_SUSPICIOUS_MOVE = YES;
				CLANG_WARN_UNGUARDED_AVAILABILITY = YES_AGGRESSIVE;
				CLANG_WARN_UNREACHABLE_CODE = YES;
				CLANG_WARN__DUPLICATE_METHOD_MATCH = YES;
				COPY_PHASE_STRIP = NO;
				DEBUG_INFORMATION_FORMAT = "dwarf-with-dsym";
				ENABLE_NS_ASSERTIONS = NO;
				ENABLE_STRICT_OBJC_MSGSEND = YES;
				GCC_C_LANGUAGE_STANDARD = gnu11;
				GCC_NO_COMMON_BLOCKS = YES;
				GCC_WARN_64_TO_32_BIT_CONVERSION = YES;
				GCC_WARN_ABOUT_RETURN_TYPE = YES_ERROR;
				GCC_WARN_UNDECLARED_SELECTOR = YES;
				GCC_WARN_UNINITIALIZED_AUTOS = YES_AGGRESSIVE;
				GCC_WARN_UNUSED_FUNCTION = YES;
				GCC_WARN_UNUSED_VARIABLE = YES;
				MACOSX_DEPLOYMENT_TARGET = 10.15;
				MTL_ENABLE_DEBUG_INFO = NO;
				MTL_FAST_MATH = YES;
				SDKROOT = macosx;
				SWIFT_COMPILATION_MODE = wholemodule;
				SWIFT_OPTIMIZATION_LEVEL = "-O";
			};
			name = Release;
		};
		A73A82772352672C00EA8A40 /* Debug */ = {
			isa = XCBuildConfiguration;
			buildSettings = {
				ASSETCATALOG_COMPILER_APPICON_NAME = AppIcon;
				CODE_SIGN_ENTITLEMENTS = Carol/Carol.entitlements;
				CODE_SIGN_STYLE = Automatic;
				COMBINE_HIDPI_IMAGES = YES;
				DEVELOPMENT_ASSET_PATHS = "\"Carol/Preview Content\"";
				DEVELOPMENT_TEAM = 562D22S6BD;
				ENABLE_HARDENED_RUNTIME = YES;
				ENABLE_PREVIEWS = YES;
				INFOPLIST_FILE = Carol/Info.plist;
				LD_RUNPATH_SEARCH_PATHS = (
					"$(inherited)",
					"@executable_path/../Frameworks",
				);
				MACOSX_DEPLOYMENT_TARGET = 10.15;
				MARKETING_VERSION = 3.0;
				PRODUCT_BUNDLE_IDENTIFIER = com.goldenchopper.Carol;
				PRODUCT_NAME = "$(TARGET_NAME)";
				SWIFT_VERSION = 5.0;
			};
			name = Debug;
		};
		A73A82782352672C00EA8A40 /* Release */ = {
			isa = XCBuildConfiguration;
			buildSettings = {
				ASSETCATALOG_COMPILER_APPICON_NAME = AppIcon;
				CODE_SIGN_ENTITLEMENTS = Carol/Carol.entitlements;
				CODE_SIGN_STYLE = Automatic;
				COMBINE_HIDPI_IMAGES = YES;
				DEVELOPMENT_ASSET_PATHS = "\"Carol/Preview Content\"";
				DEVELOPMENT_TEAM = 562D22S6BD;
				ENABLE_HARDENED_RUNTIME = YES;
				ENABLE_PREVIEWS = YES;
				INFOPLIST_FILE = Carol/Info.plist;
				LD_RUNPATH_SEARCH_PATHS = (
					"$(inherited)",
					"@executable_path/../Frameworks",
				);
				MACOSX_DEPLOYMENT_TARGET = 10.15;
				MARKETING_VERSION = 3.0;
				PRODUCT_BUNDLE_IDENTIFIER = com.goldenchopper.Carol;
				PRODUCT_NAME = "$(TARGET_NAME)";
				SWIFT_VERSION = 5.0;
			};
			name = Release;
		};
/* End XCBuildConfiguration section */

/* Begin XCConfigurationList section */
		A73A825E2352672B00EA8A40 /* Build configuration list for PBXProject "Carol" */ = {
			isa = XCConfigurationList;
			buildConfigurations = (
				A73A82742352672C00EA8A40 /* Debug */,
				A73A82752352672C00EA8A40 /* Release */,
			);
			defaultConfigurationIsVisible = 0;
			defaultConfigurationName = Release;
		};
		A73A82762352672C00EA8A40 /* Build configuration list for PBXNativeTarget "Carol" */ = {
			isa = XCConfigurationList;
			buildConfigurations = (
				A73A82772352672C00EA8A40 /* Debug */,
				A73A82782352672C00EA8A40 /* Release */,
			);
			defaultConfigurationIsVisible = 0;
			defaultConfigurationName = Release;
		};
/* End XCConfigurationList section */

/* Begin XCRemoteSwiftPackageReference section */
		A77750F323578225000874C4 /* XCRemoteSwiftPackageReference "tiny-networking" */ = {
			isa = XCRemoteSwiftPackageReference;
			repositoryURL = "https://github.com/objcio/tiny-networking";
			requirement = {
				branch = master;
				kind = branch;
			};
		};
		A7E8391F23675BFF009BCC7A /* XCRemoteSwiftPackageReference "SwiftyJSON" */ = {
			isa = XCRemoteSwiftPackageReference;
			repositoryURL = "https://github.com/SwiftyJSON/SwiftyJSON";
			requirement = {
				kind = upToNextMajorVersion;
				minimumVersion = 5.0.0;
			};
		};
		A7E8392223675C63009BCC7A /* XCRemoteSwiftPackageReference "Alamofire" */ = {
			isa = XCRemoteSwiftPackageReference;
			repositoryURL = "https://github.com/Alamofire/Alamofire";
			requirement = {
				kind = upToNextMajorVersion;
				minimumVersion = 4.9.1;
			};
		};
		A7EEFD4F2369F61D004EE0E7 /* XCRemoteSwiftPackageReference "url-image" */ = {
			isa = XCRemoteSwiftPackageReference;
			repositoryURL = "https://github.com/dmytro-anokhin/url-image";
			requirement = {
				kind = upToNextMajorVersion;
				minimumVersion = 0.9.8;
			};
		};
/* End XCRemoteSwiftPackageReference section */

/* Begin XCSwiftPackageProductDependency section */
		A77750F423578225000874C4 /* TinyNetworking */ = {
			isa = XCSwiftPackageProductDependency;
			package = A77750F323578225000874C4 /* XCRemoteSwiftPackageReference "tiny-networking" */;
			productName = TinyNetworking;
		};
		A7E8392023675BFF009BCC7A /* SwiftyJSON */ = {
			isa = XCSwiftPackageProductDependency;
			package = A7E8391F23675BFF009BCC7A /* XCRemoteSwiftPackageReference "SwiftyJSON" */;
			productName = SwiftyJSON;
		};
		A7E8392323675C63009BCC7A /* Alamofire */ = {
			isa = XCSwiftPackageProductDependency;
			package = A7E8392223675C63009BCC7A /* XCRemoteSwiftPackageReference "Alamofire" */;
			productName = Alamofire;
		};
		A7EEFD502369F61D004EE0E7 /* URLImage */ = {
			isa = XCSwiftPackageProductDependency;
			package = A7EEFD4F2369F61D004EE0E7 /* XCRemoteSwiftPackageReference "url-image" */;
			productName = URLImage;
		};
/* End XCSwiftPackageProductDependency section */
	};
	rootObject = A73A825B2352672B00EA8A40 /* Project object */;
}
